
Microsoft Visual Studio Solution File, Format Version 12.00
# Visual Studio 14
VisualStudioVersion = 14.0.23107.0
MinimumVisualStudioVersion = 10.0.40219.1
Project("{FAE04EC0-301F-11D3-BF4B-00C04F79EFBC}") = "EuclideanAlgorithm", "EuclideanAlgorithm\EuclideanAlgorithm.csproj", "{40D937EB-80CC-4F16-8DC9-9ADEA74B4948}"
EndProject
Project("{FAE04EC0-301F-11D3-BF4B-00C04F79EFBC}") = "TestsForAlgorithm", "TestsForAlgorithm\TestsForAlgorithm.csproj", "{438E4655-C897-4375-81A3-564C81D2D74B}"
EndProject
Global
	GlobalSection(SolutionConfigurationPlatforms) = preSolution
		Debug|Any CPU = Debug|Any CPU
		Release|Any CPU = Release|Any CPU
	EndGlobalSection
	GlobalSection(ProjectConfigurationPlatforms) = postSolution
		{40D937EB-80CC-4F16-8DC9-9ADEA74B4948}.Debug|Any CPU.ActiveCfg = Debug|Any CPU
		{40D937EB-80CC-4F16-8DC9-9ADEA74B4948}.Debug|Any CPU.Build.0 = Debug|Any CPU
		{40D937EB-80CC-4F16-8DC9-9ADEA74B4948}.Release|Any CPU.ActiveCfg = Release|Any CPU
		{40D937EB-80CC-4F16-8DC9-9ADEA74B4948}.Release|Any CPU.Build.0 = Release|Any CPU
		{438E4655-C897-4375-81A3-564C81D2D74B}.Debug|Any CPU.ActiveCfg = Debug|Any CPU
		{438E4655-C897-4375-81A3-564C81D2D74B}.Debug|Any CPU.Build.0 = Debug|Any CPU
		{438E4655-C897-4375-81A3-564C81D2D74B}.Release|Any CPU.ActiveCfg = Release|Any CPU
		{438E4655-C897-4375-81A3-564C81D2D74B}.Release|Any CPU.Build.0 = Release|Any CPU
	EndGlobalSection
	GlobalSection(SolutionProperties) = preSolution
		HideSolutionNode = FALSE
	EndGlobalSection
EndGlobal
